// !$*UTF8*$!
{
	archiveVersion = 1;
	classes = {
	};
	objectVersion = 56;
	objects = {

/* Begin PBXBuildFile section */
		A100000000000000000000A1 /* App.swift in Sources */ = {isa = PBXBuildFile; fileRef = A100000000000000000000B1 /* App.swift */; };
		A100000000000000000000A2 /* ContentView.swift in Sources */ = {isa = PBXBuildFile; fileRef = A100000000000000000000B2 /* ContentView.swift */; };
		A100000000000000000000A3 /* ConnectView.swift in Sources */ = {isa = PBXBuildFile; fileRef = A100000000000000000000B3 /* ConnectView.swift */; };
		A100000000000000000000A4 /* WebContainerView.swift in Sources */ = {isa = PBXBuildFile; fileRef = A100000000000000000000B4 /* WebContainerView.swift */; };
		A100000000000000000000A5 /* WebBridge.swift in Sources */ = {isa = PBXBuildFile; fileRef = A100000000000000000000B5 /* WebBridge.swift */; };
		A100000000000000000000A6 /* ServerStore.swift in Sources */ = {isa = PBXBuildFile; fileRef = A100000000000000000000B6 /* ServerStore.swift */; };
		A100000000000000000000A9 /* SelfSignedSession.swift in Sources */ = {isa = PBXBuildFile; fileRef = A100000000000000000000B9 /* SelfSignedSession.swift */; };
		A100000000000000000000AA /* WandAuth.swift in Sources */ = {isa = PBXBuildFile; fileRef = A100000000000000000000BA /* WandAuth.swift */; };
		A100000000000000000000AB /* Theme.swift in Sources */ = {isa = PBXBuildFile; fileRef = A100000000000000000000BB /* Theme.swift */; };
		A200000000000000000000A1 /* WandModels.swift in Sources */ = {isa = PBXBuildFile; fileRef = A200000000000000000000B1 /* WandModels.swift */; };
		A200000000000000000000A2 /* WandAPI.swift in Sources */ = {isa = PBXBuildFile; fileRef = A200000000000000000000B2 /* WandAPI.swift */; };
		A200000000000000000000A3 /* WandSocket.swift in Sources */ = {isa = PBXBuildFile; fileRef = A200000000000000000000B3 /* WandSocket.swift */; };
		A200000000000000000000A4 /* ChatStore.swift in Sources */ = {isa = PBXBuildFile; fileRef = A200000000000000000000B4 /* ChatStore.swift */; };
		A200000000000000000000A5 /* ChatView.swift in Sources */ = {isa = PBXBuildFile; fileRef = A200000000000000000000B5 /* ChatView.swift */; };
		A200000000000000000000A7 /* NewSessionView.swift in Sources */ = {isa = PBXBuildFile; fileRef = A200000000000000000000B7 /* NewSessionView.swift */; };
		A200000000000000000000A9 /* GitQuickCommitView.swift in Sources */ = {isa = PBXBuildFile; fileRef = A200000000000000000000B9 /* GitQuickCommitView.swift */; };
		A200000000000000000000AA /* SettingsView.swift in Sources */ = {isa = PBXBuildFile; fileRef = A200000000000000000000BA /* SettingsView.swift */; };
		A200000000000000000000AB /* LocalNetworkPermission.swift in Sources */ = {isa = PBXBuildFile; fileRef = A200000000000000000000BB /* LocalNetworkPermission.swift */; };
		A200000000000000000000AC /* BrandLogos.swift in Sources */ = {isa = PBXBuildFile; fileRef = A200000000000000000000BC /* BrandLogos.swift */; };
		A200000000000000000000AD /* PlatformCompatibility.swift in Sources */ = {isa = PBXBuildFile; fileRef = A200000000000000000000BD /* PlatformCompatibility.swift */; };
		A200000000000000000000AE /* MainShellView.swift in Sources */ = {isa = PBXBuildFile; fileRef = A200000000000000000000BE /* MainShellView.swift */; };
		A200000000000000000000C2 /* FileTreeView.swift in Sources */ = {isa = PBXBuildFile; fileRef = A200000000000000000000D2 /* FileTreeView.swift */; };
		A200000000000000000000C3 /* FilePanelView.swift in Sources */ = {isa = PBXBuildFile; fileRef = A200000000000000000000D3 /* FilePanelView.swift */; };
		A200000000000000000000C4 /* TroubleshootingView.swift in Sources */ = {isa = PBXBuildFile; fileRef = A200000000000000000000D4 /* TroubleshootingView.swift */; };
		A200000000000000000000C5 /* MacUpdateManager.swift in Sources */ = {isa = PBXBuildFile; fileRef = A200000000000000000000D5 /* MacUpdateManager.swift */; };
		A200000000000000000000C6 /* UpdateInstaller.swift in Sources */ = {isa = PBXBuildFile; fileRef = A200000000000000000000D6 /* UpdateInstaller.swift */; };
		A100000000000000000000C1 /* Assets.xcassets in Resources */ = {isa = PBXBuildFile; fileRef = A100000000000000000000D1 /* Assets.xcassets */; };
		D4000000000000000000AC01 /* MissionsModels.swift in Sources */ = {isa = PBXBuildFile; fileRef = D4000000000000000000BC01 /* MissionsModels.swift */; };
		D4000000000000000000AC02 /* MissionsView.swift in Sources */ = {isa = PBXBuildFile; fileRef = D4000000000000000000BC02 /* MissionsView.swift */; };
		F6000000000000000000AC01 /* SessionTimeFormatting.swift in Sources */ = {isa = PBXBuildFile; fileRef = F6000000000000000000BC01 /* SessionTimeFormatting.swift */; };
		F6000000000000000000AC02 /* WorkspaceModels.swift in Sources */ = {isa = PBXBuildFile; fileRef = F6000000000000000000BC02 /* WorkspaceModels.swift */; };
		F6000000000000000000AC03 /* WorkspaceAPI.swift in Sources */ = {isa = PBXBuildFile; fileRef = F6000000000000000000BC03 /* WorkspaceAPI.swift */; };
		F6000000000000000000AC04 /* WorkspaceStore.swift in Sources */ = {isa = PBXBuildFile; fileRef = F6000000000000000000BC04 /* WorkspaceStore.swift */; };
		F6000000000000000000AC05 /* WorkspaceLayoutReconciler.swift in Sources */ = {isa = PBXBuildFile; fileRef = F6000000000000000000BC05 /* WorkspaceLayoutReconciler.swift */; };
		F6000000000000000000AC06 /* WorkspaceWorktreeModels.swift in Sources */ = {isa = PBXBuildFile; fileRef = F6000000000000000000BC06 /* WorkspaceWorktreeModels.swift */; };
		F6000000000000000000AC07 /* WorkspaceListView.swift in Sources */ = {isa = PBXBuildFile; fileRef = F6000000000000000000BC07 /* WorkspaceListView.swift */; };
		F6000000000000000000AC08 /* WorkspaceCreateView.swift in Sources */ = {isa = PBXBuildFile; fileRef = F6000000000000000000BC08 /* WorkspaceCreateView.swift */; };
		F6000000000000000000AC09 /* WorkspaceTaskView.swift in Sources */ = {isa = PBXBuildFile; fileRef = F6000000000000000000BC09 /* WorkspaceTaskView.swift */; };
		F6000000000000000000AC0A /* WorkspaceTargetPicker.swift in Sources */ = {isa = PBXBuildFile; fileRef = F6000000000000000000BC0A /* WorkspaceTargetPicker.swift */; };
		F6000000000000000000AC0B /* WorkspaceWorktreeReviewView.swift in Sources */ = {isa = PBXBuildFile; fileRef = F6000000000000000000BC0B /* WorkspaceWorktreeReviewView.swift */; };
		E500000000000000000000A1 /* MacUpdateManagerTests.swift in Sources */ = {isa = PBXBuildFile; fileRef = E500000000000000000000B1 /* MacUpdateManagerTests.swift */; };
		E500000000000000000000A2 /* XCTest.framework in Frameworks */ = {isa = PBXBuildFile; fileRef = E500000000000000000000B3 /* XCTest.framework */; };
/* End PBXBuildFile section */

/* Begin PBXContainerItemProxy section */
		E500000000000000000000C1 /* PBXContainerItemProxy */ = {
			isa = PBXContainerItemProxy;
			containerPortal = A1000000000000000000FA00 /* Project object */;
			proxyType = 1;
			remoteGlobalIDString = A1000000000000000000F700;
			remoteInfo = Wand;
		};
/* End PBXContainerItemProxy section */

/* Begin PBXFileReference section */
		A100000000000000000000B1 /* App.swift */ = {isa = PBXFileReference; lastKnownFileType = sourcecode.swift; path = App.swift; sourceTree = "<group>"; };
		A100000000000000000000B2 /* ContentView.swift */ = {isa = PBXFileReference; lastKnownFileType = sourcecode.swift; path = ContentView.swift; sourceTree = "<group>"; };
		A100000000000000000000B3 /* ConnectView.swift */ = {isa = PBXFileReference; lastKnownFileType = sourcecode.swift; path = ConnectView.swift; sourceTree = "<group>"; };
		A100000000000000000000B4 /* WebContainerView.swift */ = {isa = PBXFileReference; lastKnownFileType = sourcecode.swift; path = WebContainerView.swift; sourceTree = "<group>"; };
		A100000000000000000000B5 /* WebBridge.swift */ = {isa = PBXFileReference; lastKnownFileType = sourcecode.swift; path = WebBridge.swift; sourceTree = "<group>"; };
		A100000000000000000000B6 /* ServerStore.swift */ = {isa = PBXFileReference; lastKnownFileType = sourcecode.swift; path = ServerStore.swift; sourceTree = "<group>"; };
		A100000000000000000000B9 /* SelfSignedSession.swift */ = {isa = PBXFileReference; lastKnownFileType = sourcecode.swift; path = SelfSignedSession.swift; sourceTree = "<group>"; };
		A100000000000000000000BA /* WandAuth.swift */ = {isa = PBXFileReference; lastKnownFileType = sourcecode.swift; path = WandAuth.swift; sourceTree = "<group>"; };
		A100000000000000000000BB /* Theme.swift */ = {isa = PBXFileReference; lastKnownFileType = sourcecode.swift; path = Theme.swift; sourceTree = "<group>"; };
		A200000000000000000000B1 /* WandModels.swift */ = {isa = PBXFileReference; lastKnownFileType = sourcecode.swift; path = WandModels.swift; sourceTree = "<group>"; };
		A200000000000000000000B2 /* WandAPI.swift */ = {isa = PBXFileReference; lastKnownFileType = sourcecode.swift; path = WandAPI.swift; sourceTree = "<group>"; };
		A200000000000000000000B3 /* WandSocket.swift */ = {isa = PBXFileReference; lastKnownFileType = sourcecode.swift; path = WandSocket.swift; sourceTree = "<group>"; };
		A200000000000000000000B4 /* ChatStore.swift */ = {isa = PBXFileReference; lastKnownFileType = sourcecode.swift; path = ChatStore.swift; sourceTree = "<group>"; };
		A200000000000000000000B5 /* ChatView.swift */ = {isa = PBXFileReference; lastKnownFileType = sourcecode.swift; path = ChatView.swift; sourceTree = "<group>"; };
		A200000000000000000000B7 /* NewSessionView.swift */ = {isa = PBXFileReference; lastKnownFileType = sourcecode.swift; path = NewSessionView.swift; sourceTree = "<group>"; };
		A200000000000000000000B9 /* GitQuickCommitView.swift */ = {isa = PBXFileReference; lastKnownFileType = sourcecode.swift; path = GitQuickCommitView.swift; sourceTree = "<group>"; };
		A200000000000000000000BA /* SettingsView.swift */ = {isa = PBXFileReference; lastKnownFileType = sourcecode.swift; path = SettingsView.swift; sourceTree = "<group>"; };
		A200000000000000000000BB /* LocalNetworkPermission.swift */ = {isa = PBXFileReference; lastKnownFileType = sourcecode.swift; path = LocalNetworkPermission.swift; sourceTree = "<group>"; };
		A200000000000000000000BC /* BrandLogos.swift */ = {isa = PBXFileReference; lastKnownFileType = sourcecode.swift; path = BrandLogos.swift; sourceTree = "<group>"; };
		A200000000000000000000BD /* PlatformCompatibility.swift */ = {isa = PBXFileReference; lastKnownFileType = sourcecode.swift; path = PlatformCompatibility.swift; sourceTree = "<group>"; };
		A200000000000000000000BE /* MainShellView.swift */ = {isa = PBXFileReference; lastKnownFileType = sourcecode.swift; path = MainShellView.swift; sourceTree = "<group>"; };
		A200000000000000000000D2 /* FileTreeView.swift */ = {isa = PBXFileReference; lastKnownFileType = sourcecode.swift; path = FileTreeView.swift; sourceTree = "<group>"; };
		A200000000000000000000D3 /* FilePanelView.swift */ = {isa = PBXFileReference; lastKnownFileType = sourcecode.swift; path = FilePanelView.swift; sourceTree = "<group>"; };
		A200000000000000000000D4 /* TroubleshootingView.swift */ = {isa = PBXFileReference; lastKnownFileType = sourcecode.swift; path = TroubleshootingView.swift; sourceTree = "<group>"; };
		A200000000000000000000D5 /* MacUpdateManager.swift */ = {isa = PBXFileReference; lastKnownFileType = sourcecode.swift; path = MacUpdateManager.swift; sourceTree = "<group>"; };
		A200000000000000000000D6 /* UpdateInstaller.swift */ = {isa = PBXFileReference; lastKnownFileType = sourcecode.swift; path = UpdateInstaller.swift; sourceTree = "<group>"; };
		A100000000000000000000D1 /* Assets.xcassets */ = {isa = PBXFileReference; lastKnownFileType = folder.assetcatalog; path = Assets.xcassets; sourceTree = "<group>"; };
		A100000000000000000000E1 /* Info.plist */ = {isa = PBXFileReference; lastKnownFileType = text.plist.xml; path = Info.plist; sourceTree = "<group>"; };
		A100000000000000000000E2 /* Wand.entitlements */ = {isa = PBXFileReference; lastKnownFileType = text.plist.entitlements; path = Wand.entitlements; sourceTree = "<group>"; };
		A100000000000000000000F1 /* Wand.app */ = {isa = PBXFileReference; explicitFileType = wrapper.application; includeInIndex = 0; path = Wand.app; sourceTree = BUILT_PRODUCTS_DIR; };
		D4000000000000000000BC01 /* MissionsModels.swift */ = {isa = PBXFileReference; lastKnownFileType = sourcecode.swift; path = MissionsModels.swift; sourceTree = "<group>"; };
		D4000000000000000000BC02 /* MissionsView.swift */ = {isa = PBXFileReference; lastKnownFileType = sourcecode.swift; path = MissionsView.swift; sourceTree = "<group>"; };
		F6000000000000000000BC01 /* SessionTimeFormatting.swift */ = {isa = PBXFileReference; lastKnownFileType = sourcecode.swift; path = SessionTimeFormatting.swift; sourceTree = "<group>"; };
		F6000000000000000000BC02 /* WorkspaceModels.swift */ = {isa = PBXFileReference; lastKnownFileType = sourcecode.swift; path = WorkspaceModels.swift; sourceTree = "<group>"; };
		F6000000000000000000BC03 /* WorkspaceAPI.swift */ = {isa = PBXFileReference; lastKnownFileType = sourcecode.swift; path = WorkspaceAPI.swift; sourceTree = "<group>"; };
		F6000000000000000000BC04 /* WorkspaceStore.swift */ = {isa = PBXFileReference; lastKnownFileType = sourcecode.swift; path = WorkspaceStore.swift; sourceTree = "<group>"; };
		F6000000000000000000BC05 /* WorkspaceLayoutReconciler.swift */ = {isa = PBXFileReference; lastKnownFileType = sourcecode.swift; path = WorkspaceLayoutReconciler.swift; sourceTree = "<group>"; };
		F6000000000000000000BC06 /* WorkspaceWorktreeModels.swift */ = {isa = PBXFileReference; lastKnownFileType = sourcecode.swift; path = WorkspaceWorktreeModels.swift; sourceTree = "<group>"; };
		F6000000000000000000BC07 /* WorkspaceListView.swift */ = {isa = PBXFileReference; lastKnownFileType = sourcecode.swift; path = WorkspaceListView.swift; sourceTree = "<group>"; };
		F6000000000000000000BC08 /* WorkspaceCreateView.swift */ = {isa = PBXFileReference; lastKnownFileType = sourcecode.swift; path = WorkspaceCreateView.swift; sourceTree = "<group>"; };
		F6000000000000000000BC09 /* WorkspaceTaskView.swift */ = {isa = PBXFileReference; lastKnownFileType = sourcecode.swift; path = WorkspaceTaskView.swift; sourceTree = "<group>"; };
		F6000000000000000000BC0A /* WorkspaceTargetPicker.swift */ = {isa = PBXFileReference; lastKnownFileType = sourcecode.swift; path = WorkspaceTargetPicker.swift; sourceTree = "<group>"; };
		F6000000000000000000BC0B /* WorkspaceWorktreeReviewView.swift */ = {isa = PBXFileReference; lastKnownFileType = sourcecode.swift; path = WorkspaceWorktreeReviewView.swift; sourceTree = "<group>"; };
		E500000000000000000000B1 /* MacUpdateManagerTests.swift */ = {isa = PBXFileReference; lastKnownFileType = sourcecode.swift; path = MacUpdateManagerTests.swift; sourceTree = "<group>"; };
		E500000000000000000000B2 /* WandTests.xctest */ = {isa = PBXFileReference; explicitFileType = wrapper.cfbundle; includeInIndex = 0; path = WandTests.xctest; sourceTree = BUILT_PRODUCTS_DIR; };
		E500000000000000000000B3 /* XCTest.framework */ = {isa = PBXFileReference; lastKnownFileType = wrapper.framework; name = XCTest.framework; path = System/Library/Frameworks/XCTest.framework; sourceTree = SDKROOT; };
/* End PBXFileReference section */

/* Begin PBXFrameworksBuildPhase section */
		A1000000000000000000F300 /* Frameworks */ = {
			isa = PBXFrameworksBuildPhase;
			buildActionMask = 2147483647;
			files = (
			);
			runOnlyForDeploymentPostprocessing = 0;
		};
		E5000000000000000000F301 /* Frameworks */ = {
			isa = PBXFrameworksBuildPhase;
			buildActionMask = 2147483647;
			files = (
				E500000000000000000000A2 /* XCTest.framework in Frameworks */,
			);
			runOnlyForDeploymentPostprocessing = 0;
		};
/* End PBXFrameworksBuildPhase section */

/* Begin PBXGroup section */
		A1000000000000000000F400 = {
			isa = PBXGroup;
			children = (
				A1000000000000000000F500 /* Wand */,
				E5000000000000000000F500 /* WandTests */,
				A1000000000000000000F600 /* Products */,
				E500000000000000000000B3 /* XCTest.framework */,
			);
			sourceTree = "<group>";
		};
		A1000000000000000000F500 /* Wand */ = {
			isa = PBXGroup;
			children = (
				A100000000000000000000B1 /* App.swift */,
				A100000000000000000000B2 /* ContentView.swift */,
				A100000000000000000000B3 /* ConnectView.swift */,
				A100000000000000000000B4 /* WebContainerView.swift */,
				A100000000000000000000B5 /* WebBridge.swift */,
				A100000000000000000000B6 /* ServerStore.swift */,
				A100000000000000000000B9 /* SelfSignedSession.swift */,
				A100000000000000000000BA /* WandAuth.swift */,
				A100000000000000000000BB /* Theme.swift */,
				A200000000000000000000B1 /* WandModels.swift */,
				A200000000000000000000B2 /* WandAPI.swift */,
				A200000000000000000000B3 /* WandSocket.swift */,
				A200000000000000000000B4 /* ChatStore.swift */,
				A200000000000000000000B5 /* ChatView.swift */,
				A200000000000000000000B7 /* NewSessionView.swift */,
				A200000000000000000000B9 /* GitQuickCommitView.swift */,
				A200000000000000000000BA /* SettingsView.swift */,
				A200000000000000000000BB /* LocalNetworkPermission.swift */,
				A200000000000000000000BC /* BrandLogos.swift */,
				A200000000000000000000BD /* PlatformCompatibility.swift */,
				A200000000000000000000BE /* MainShellView.swift */,
				A200000000000000000000D2 /* FileTreeView.swift */,
				A200000000000000000000D3 /* FilePanelView.swift */,
				A200000000000000000000D4 /* TroubleshootingView.swift */,
				A200000000000000000000D5 /* MacUpdateManager.swift */,
				A200000000000000000000D6 /* UpdateInstaller.swift */,
				D4000000000000000000BC01 /* MissionsModels.swift */,
				D4000000000000000000BC02 /* MissionsView.swift */,
				F6000000000000000000BC01 /* SessionTimeFormatting.swift */,
				F6000000000000000000BC02 /* WorkspaceModels.swift */,
				F6000000000000000000BC03 /* WorkspaceAPI.swift */,
				F6000000000000000000BC04 /* WorkspaceStore.swift */,
				F6000000000000000000BC05 /* WorkspaceLayoutReconciler.swift */,
				F6000000000000000000BC06 /* WorkspaceWorktreeModels.swift */,
				F6000000000000000000BC07 /* WorkspaceListView.swift */,
				F6000000000000000000BC08 /* WorkspaceCreateView.swift */,
				F6000000000000000000BC09 /* WorkspaceTaskView.swift */,
				F6000000000000000000BC0A /* WorkspaceTargetPicker.swift */,
				F6000000000000000000BC0B /* WorkspaceWorktreeReviewView.swift */,
				A100000000000000000000D1 /* Assets.xcassets */,
				A100000000000000000000E1 /* Info.plist */,
				A100000000000000000000E2 /* Wand.entitlements */,
			);
			path = Wand;
			sourceTree = "<group>";
		};
		A1000000000000000000F600 /* Products */ = {
			isa = PBXGroup;
			children = (
				A100000000000000000000F1 /* Wand.app */,
				E500000000000000000000B2 /* WandTests.xctest */,
			);
			name = Products;
			sourceTree = "<group>";
		};
		E5000000000000000000F500 /* WandTests */ = {
			isa = PBXGroup;
			children = (
				E500000000000000000000B1 /* MacUpdateManagerTests.swift */,
			);
			path = WandTests;
			sourceTree = "<group>";
		};
/* End PBXGroup section */

/* Begin PBXNativeTarget section */
		A1000000000000000000F700 /* Wand */ = {
			isa = PBXNativeTarget;
			buildConfigurationList = A1000000000000000000FB00 /* Build configuration list for PBXNativeTarget "Wand" */;
			buildPhases = (
				A1000000000000000000F800 /* Sources */,
				A1000000000000000000F300 /* Frameworks */,
				A1000000000000000000F900 /* Resources */,
			);
			buildRules = (
			);
			dependencies = (
			);
			name = Wand;
			productName = Wand;
			productReference = A100000000000000000000F1 /* Wand.app */;
			productType = "com.apple.product-type.application";
		};
		E5000000000000000000F700 /* WandTests */ = {
			isa = PBXNativeTarget;
			buildConfigurationList = E5000000000000000000FB00 /* Build configuration list for PBXNativeTarget "WandTests" */;
			buildPhases = (
				E5000000000000000000F800 /* Sources */,
				E5000000000000000000F301 /* Frameworks */,
				E5000000000000000000F900 /* Resources */,
			);
			buildRules = (
			);
			dependencies = (
				E500000000000000000000C2 /* PBXTargetDependency */,
			);
			name = WandTests;
			productName = WandTests;
			productReference = E500000000000000000000B2 /* WandTests.xctest */;
			productType = "com.apple.product-type.bundle.unit-test";
		};
/* End PBXNativeTarget section */

/* Begin PBXProject section */
		A1000000000000000000FA00 /* Project object */ = {
			isa = PBXProject;
			attributes = {
				BuildIndependentTargetsInParallel = YES;
				LastSwiftUpdateCheck = 1500;
				LastUpgradeCheck = 1500;
				TargetAttributes = {
					A1000000000000000000F700 = {
						CreatedOnToolsVersion = 15.0;
					};
					E5000000000000000000F700 = {
						CreatedOnToolsVersion = 15.0;
						TestTargetID = A1000000000000000000F700;
					};
				};
			};
			buildConfigurationList = A1000000000000000000FC00 /* Build configuration list for PBXProject "Wand" */;
			compatibilityVersion = "Xcode 14.0";
			developmentRegion = en;
			hasScannedForEncodings = 0;
			knownRegions = (
				en,
				zh_CN,
				Base,
			);
			mainGroup = A1000000000000000000F400;
			productRefGroup = A1000000000000000000F600 /* Products */;
			projectDirPath = "";
			projectRoot = "";
			targets = (
				A1000000000000000000F700 /* Wand */,
				E5000000000000000000F700 /* WandTests */,
			);
		};
/* End PBXProject section */

/* Begin PBXResourcesBuildPhase section */
		A1000000000000000000F900 /* Resources */ = {
			isa = PBXResourcesBuildPhase;
			buildActionMask = 2147483647;
			files = (
				A100000000000000000000C1 /* Assets.xcassets in Resources */,
			);
			runOnlyForDeploymentPostprocessing = 0;
		};
		E5000000000000000000F900 /* Resources */ = {
			isa = PBXResourcesBuildPhase;
			buildActionMask = 2147483647;
			files = (
			);
			runOnlyForDeploymentPostprocessing = 0;
		};
/* End PBXResourcesBuildPhase section */

/* Begin PBXSourcesBuildPhase section */
		A1000000000000000000F800 /* Sources */ = {
			isa = PBXSourcesBuildPhase;
			buildActionMask = 2147483647;
			files = (
				A100000000000000000000A1 /* App.swift in Sources */,
				A100000000000000000000A2 /* ContentView.swift in Sources */,
				A100000000000000000000A3 /* ConnectView.swift in Sources */,
				A100000000000000000000A4 /* WebContainerView.swift in Sources */,
				A100000000000000000000A5 /* WebBridge.swift in Sources */,
				A100000000000000000000A6 /* ServerStore.swift in Sources */,
				A100000000000000000000A9 /* SelfSignedSession.swift in Sources */,
				A100000000000000000000AA /* WandAuth.swift in Sources */,
				A100000000000000000000AB /* Theme.swift in Sources */,
				A200000000000000000000A1 /* WandModels.swift in Sources */,
				A200000000000000000000A2 /* WandAPI.swift in Sources */,
				A200000000000000000000A3 /* WandSocket.swift in Sources */,
				A200000000000000000000A4 /* ChatStore.swift in Sources */,
				A200000000000000000000A5 /* ChatView.swift in Sources */,
				A200000000000000000000A7 /* NewSessionView.swift in Sources */,
				A200000000000000000000A9 /* GitQuickCommitView.swift in Sources */,
				A200000000000000000000AA /* SettingsView.swift in Sources */,
				A200000000000000000000AB /* LocalNetworkPermission.swift in Sources */,
				A200000000000000000000AC /* BrandLogos.swift in Sources */,
				A200000000000000000000AD /* PlatformCompatibility.swift in Sources */,
				A200000000000000000000AE /* MainShellView.swift in Sources */,
				A200000000000000000000C2 /* FileTreeView.swift in Sources */,
				A200000000000000000000C3 /* FilePanelView.swift in Sources */,
				A200000000000000000000C4 /* TroubleshootingView.swift in Sources */,
				A200000000000000000000C5 /* MacUpdateManager.swift in Sources */,
				A200000000000000000000C6 /* UpdateInstaller.swift in Sources */,
				D4000000000000000000AC01 /* MissionsModels.swift in Sources */,
				D4000000000000000000AC02 /* MissionsView.swift in Sources */,
				F6000000000000000000AC01 /* SessionTimeFormatting.swift in Sources */,
				F6000000000000000000AC02 /* WorkspaceModels.swift in Sources */,
				F6000000000000000000AC03 /* WorkspaceAPI.swift in Sources */,
				F6000000000000000000AC04 /* WorkspaceStore.swift in Sources */,
				F6000000000000000000AC05 /* WorkspaceLayoutReconciler.swift in Sources */,
				F6000000000000000000AC06 /* WorkspaceWorktreeModels.swift in Sources */,
				F6000000000000000000AC07 /* WorkspaceListView.swift in Sources */,
				F6000000000000000000AC08 /* WorkspaceCreateView.swift in Sources */,
				F6000000000000000000AC09 /* WorkspaceTaskView.swift in Sources */,
				F6000000000000000000AC0A /* WorkspaceTargetPicker.swift in Sources */,
				F6000000000000000000AC0B /* WorkspaceWorktreeReviewView.swift in Sources */,
			);
			runOnlyForDeploymentPostprocessing = 0;
		};
		E5000000000000000000F800 /* Sources */ = {
			isa = PBXSourcesBuildPhase;
			buildActionMask = 2147483647;
			files = (
				E500000000000000000000A1 /* MacUpdateManagerTests.swift in Sources */,
			);
			runOnlyForDeploymentPostprocessing = 0;
		};
/* End PBXSourcesBuildPhase section */

/* Begin PBXTargetDependency section */
		E500000000000000000000C2 /* PBXTargetDependency */ = {
			isa = PBXTargetDependency;
			target = A1000000000000000000F700 /* Wand */;
			targetProxy = E500000000000000000000C1 /* PBXContainerItemProxy */;
		};
/* End PBXTargetDependency section */

/* Begin XCBuildConfiguration section */
		A100000000000000000000D2 /* Debug */ = {
			isa = XCBuildConfiguration;
			buildSettings = {
				ALWAYS_SEARCH_USER_PATHS = NO;
				CLANG_ANALYZER_NONNULL = YES;
				CLANG_ANALYZER_NUMBER_OBJECT_CONVERSION = YES_AGGRESSIVE;
				CLANG_CXX_LANGUAGE_STANDARD = "gnu++20";
				CLANG_ENABLE_MODULES = YES;
				CLANG_ENABLE_OBJC_ARC = YES;
				CLANG_ENABLE_OBJC_WEAK = YES;
				COPY_PHASE_STRIP = NO;
				DEAD_CODE_STRIPPING = YES;
				DEBUG_INFORMATION_FORMAT = dwarf;
				ENABLE_STRICT_OBJC_MSGSEND = YES;
				ENABLE_TESTABILITY = YES;
				GCC_C_LANGUAGE_STANDARD = gnu17;
				GCC_DYNAMIC_NO_PIC = NO;
				GCC_NO_COMMON_BLOCKS = YES;
				GCC_OPTIMIZATION_LEVEL = 0;
				GCC_PREPROCESSOR_DEFINITIONS = (
					"DEBUG=1",
					"$(inherited)",
				);
				MACOSX_DEPLOYMENT_TARGET = 12.0;
				MTL_ENABLE_DEBUG_INFO = INCLUDE_SOURCE;
				ONLY_ACTIVE_ARCH = YES;
				SDKROOT = macosx;
				SWIFT_ACTIVE_COMPILATION_CONDITIONS = DEBUG;
				SWIFT_OPTIMIZATION_LEVEL = "-Onone";
			};
			name = Debug;
		};
		A100000000000000000000D3 /* Release */ = {
			isa = XCBuildConfiguration;
			buildSettings = {
				ALWAYS_SEARCH_USER_PATHS = NO;
				CLANG_ANALYZER_NONNULL = YES;
				CLANG_ANALYZER_NUMBER_OBJECT_CONVERSION = YES_AGGRESSIVE;
				CLANG_CXX_LANGUAGE_STANDARD = "gnu++20";
				CLANG_ENABLE_MODULES = YES;
				CLANG_ENABLE_OBJC_ARC = YES;
				CLANG_ENABLE_OBJC_WEAK = YES;
				COPY_PHASE_STRIP = NO;
				DEAD_CODE_STRIPPING = YES;
				DEBUG_INFORMATION_FORMAT = "dwarf-with-dsym";
				ENABLE_NS_ASSERTIONS = NO;
				ENABLE_STRICT_OBJC_MSGSEND = YES;
				GCC_C_LANGUAGE_STANDARD = gnu17;
				GCC_NO_COMMON_BLOCKS = YES;
				MACOSX_DEPLOYMENT_TARGET = 12.0;
				MTL_ENABLE_DEBUG_INFO = NO;
				SDKROOT = macosx;
				SWIFT_COMPILATION_MODE = wholemodule;
				SWIFT_OPTIMIZATION_LEVEL = "-O";
			};
			name = Release;
		};
		A100000000000000000000D4 /* Debug */ = {
			isa = XCBuildConfiguration;
			buildSettings = {
				ASSETCATALOG_COMPILER_APPICON_NAME = AppIcon;
				ASSETCATALOG_COMPILER_GLOBAL_ACCENT_COLOR_NAME = AccentColor;
				CODE_SIGN_ENTITLEMENTS = Wand/Wand.entitlements;
				CODE_SIGN_IDENTITY = "-";
				CODE_SIGN_STYLE = Manual;
				COMBINE_HIDPI_IMAGES = YES;
				CURRENT_PROJECT_VERSION = 10000;
				DEVELOPMENT_TEAM = "";
				ENABLE_HARDENED_RUNTIME = YES;
				ENABLE_USER_SCRIPT_SANDBOXING = NO;
				GENERATE_INFOPLIST_FILE = NO;
				INFOPLIST_FILE = Wand/Info.plist;
				LD_RUNPATH_SEARCH_PATHS = (
					"$(inherited)",
					"@executable_path/../Frameworks",
				);
				MACOSX_DEPLOYMENT_TARGET = 12.0;
				MARKETING_VERSION = 1.0.0;
				PRODUCT_BUNDLE_IDENTIFIER = com.wand.app;
				PRODUCT_NAME = "$(TARGET_NAME)";
				PROVISIONING_PROFILE_SPECIFIER = "";
				SWIFT_EMIT_LOC_STRINGS = YES;
				SWIFT_VERSION = 5.0;
			};
			name = Debug;
		};
		A100000000000000000000D5 /* Release */ = {
			isa = XCBuildConfiguration;
			buildSettings = {
				ASSETCATALOG_COMPILER_APPICON_NAME = AppIcon;
				ASSETCATALOG_COMPILER_GLOBAL_ACCENT_COLOR_NAME = AccentColor;
				CODE_SIGN_ENTITLEMENTS = Wand/Wand.entitlements;
				CODE_SIGN_IDENTITY = "-";
				CODE_SIGN_STYLE = Manual;
				COMBINE_HIDPI_IMAGES = YES;
				CURRENT_PROJECT_VERSION = 10000;
				DEVELOPMENT_TEAM = "";
				ENABLE_HARDENED_RUNTIME = YES;
				ENABLE_USER_SCRIPT_SANDBOXING = NO;
				GENERATE_INFOPLIST_FILE = NO;
				INFOPLIST_FILE = Wand/Info.plist;
				LD_RUNPATH_SEARCH_PATHS = (
					"$(inherited)",
					"@executable_path/../Frameworks",
				);
				MACOSX_DEPLOYMENT_TARGET = 12.0;
				MARKETING_VERSION = 1.0.0;
				PRODUCT_BUNDLE_IDENTIFIER = com.wand.app;
				PRODUCT_NAME = "$(TARGET_NAME)";
				PROVISIONING_PROFILE_SPECIFIER = "";
				SWIFT_EMIT_LOC_STRINGS = YES;
				SWIFT_VERSION = 5.0;
			};
			name = Release;
		};
		E500000000000000000000D4 /* Debug */ = {
			isa = XCBuildConfiguration;
			buildSettings = {
				BUNDLE_LOADER = "$(TEST_HOST)";
				CODE_SIGN_STYLE = Automatic;
				GENERATE_INFOPLIST_FILE = YES;
				MACOSX_DEPLOYMENT_TARGET = 14.0;
				PRODUCT_BUNDLE_IDENTIFIER = com.wand.app.tests;
				PRODUCT_NAME = "$(TARGET_NAME)";
				SWIFT_VERSION = 5.0;
				TEST_HOST = "$(BUILT_PRODUCTS_DIR)/Wand.app/Contents/MacOS/Wand";
			};
			name = Debug;
		};
		E500000000000000000000D5 /* Release */ = {
			isa = XCBuildConfiguration;
			buildSettings = {
				BUNDLE_LOADER = "$(TEST_HOST)";
				CODE_SIGN_STYLE = Automatic;
				GENERATE_INFOPLIST_FILE = YES;
				MACOSX_DEPLOYMENT_TARGET = 14.0;
				PRODUCT_BUNDLE_IDENTIFIER = com.wand.app.tests;
				PRODUCT_NAME = "$(TARGET_NAME)";
				SWIFT_VERSION = 5.0;
				TEST_HOST = "$(BUILT_PRODUCTS_DIR)/Wand.app/Contents/MacOS/Wand";
			};
			name = Release;
		};
/* End XCBuildConfiguration section */

/* Begin XCConfigurationList section */
		A1000000000000000000FB00 /* Build configuration list for PBXNativeTarget "Wand" */ = {
			isa = XCConfigurationList;
			buildConfigurations = (
				A100000000000000000000D4 /* Debug */,
				A100000000000000000000D5 /* Release */,
			);
			defaultConfigurationIsVisible = 0;
			defaultConfigurationName = Release;
		};
		A1000000000000000000FC00 /* Build configuration list for PBXProject "Wand" */ = {
			isa = XCConfigurationList;
			buildConfigurations = (
				A100000000000000000000D2 /* Debug */,
				A100000000000000000000D3 /* Release */,
			);
			defaultConfigurationIsVisible = 0;
			defaultConfigurationName = Release;
		};
		E5000000000000000000FB00 /* Build configuration list for PBXNativeTarget "WandTests" */ = {
			isa = XCConfigurationList;
			buildConfigurations = (
				E500000000000000000000D4 /* Debug */,
				E500000000000000000000D5 /* Release */,
			);
			defaultConfigurationIsVisible = 0;
			defaultConfigurationName = Release;
		};
/* End XCConfigurationList section */
	};
	rootObject = A1000000000000000000FA00 /* Project object */;
}
